{
  "name": "express-xml-bodyparser",
  "version": "0.2.0",
  "dependencies": {
    "xml2js": {
      "version": "0.4.10",
      "from": "xml2js@0.4.10",
      "resolved": "https://registry.npmjs.org/xml2js/-/xml2js-0.4.10.tgz",
      "dependencies": {
        "sax": {
          "version": "1.1.1",
          "from": "sax@>=0.6.0",
          "resolved": "https://registry.npmjs.org/sax/-/sax-1.1.1.tgz"
        },
        "xmlbuilder": {
          "version": "2.6.4",
          "from": "xmlbuilder@>=2.4.6",
          "resolved": "https://registry.npmjs.org/xmlbuilder/-/xmlbuilder-2.6.4.tgz",
          "dependencies": {
            "lodash": {
              "version": "3.10.1",
              "from": "lodash@>=3.5.0 <4.0.0",
              "resolved": "https://registry.npmjs.org/lodash/-/lodash-3.10.1.tgz"
            }
          }
        }
      }
    }
  }
}
